// !$*UTF8*$!
{
	archiveVersion = 1;
	classes = {
	};
	objectVersion = 46;
	objects = {

/* Begin PBXBuildFile section */
		CB8BADB81A20E24A00542278 /* AppDelegate.swift in Sources */ = {isa = PBXBuildFile; fileRef = CB8BADB71A20E24A00542278 /* AppDelegate.swift */; };
		CB8BADBA1A20E24A00542278 /* ViewController.swift in Sources */ = {isa = PBXBuildFile; fileRef = CB8BADB91A20E24A00542278 /* ViewController.swift */; };
		CB8BADBD1A20E24A00542278 /* Main.storyboard in Resources */ = {isa = PBXBuildFile; fileRef = CB8BADBB1A20E24A00542278 /* Main.storyboard */; };
		CB8BADBF1A20E24A00542278 /* Images.xcassets in Resources */ = {isa = PBXBuildFile; fileRef = CB8BADBE1A20E24A00542278 /* Images.xcassets */; };
		CB8BADC21A20E24A00542278 /* LaunchScreen.xib in Resources */ = {isa = PBXBuildFile; fileRef = CB8BADC01A20E24A00542278 /* LaunchScreen.xib */; };
		CB8BADCE1A20E24B00542278 /* PostcardTests.swift in Sources */ = {isa = PBXBuildFile; fileRef = CB8BADCD1A20E24B00542278 /* PostcardTests.swift */; };
		CBD15D011A92975C00D36C73 /* SagradaFamilia.jpeg in Resources */ = {isa = PBXBuildFile; fileRef = CBD15D001A92975C00D36C73 /* SagradaFamilia.jpeg */; };
		CBEC5B941A973B080085A9B0 /* AlbertEinsteinStamp.jpg in Resources */ = {isa = PBXBuildFile; fileRef = CBEC5B931A973B080085A9B0 /* AlbertEinsteinStamp.jpg */; };
/* End PBXBuildFile section */

/* Begin PBXContainerItemProxy section */
		CB8BADC81A20E24B00542278 /* PBXContainerItemProxy */ = {
			isa = PBXContainerItemProxy;
			containerPortal = CB8BADAA1A20E24A00542278 /* Project object */;
			proxyType = 1;
			remoteGlobalIDString = CB8BADB11A20E24A00542278;
			remoteInfo = Postcard;
		};
/* End PBXContainerItemProxy section */

/* Begin PBXFileReference section */
		CB8BADB21A20E24A00542278 /* Postcard.app */ = {isa = PBXFileReference; explicitFileType = wrapper.application; includeInIndex = 0; path = Postcard.app; sourceTree = BUILT_PRODUCTS_DIR; };
		CB8BADB61A20E24A00542278 /* Info.plist */ = {isa = PBXFileReference; lastKnownFileType = text.plist.xml; path = Info.plist; sourceTree = "<group>"; };
		CB8BADB71A20E24A00542278 /* AppDelegate.swift */ = {isa = PBXFileReference; lastKnownFileType = sourcecode.swift; path = AppDelegate.swift; sourceTree = "<group>"; };
		CB8BADB91A20E24A00542278 /* ViewController.swift */ = {isa = PBXFileReference; lastKnownFileType = sourcecode.swift; path = ViewController.swift; sourceTree = "<group>"; };
		CB8BADBC1A20E24A00542278 /* Base */ = {isa = PBXFileReference; lastKnownFileType = file.storyboard; name = Base; path = Base.lproj/Main.storyboard; sourceTree = "<group>"; };
		CB8BADBE1A20E24A00542278 /* Images.xcassets */ = {isa = PBXFileReference; lastKnownFileType = folder.assetcatalog; path = Images.xcassets; sourceTree = "<group>"; };
		CB8BADC11A20E24A00542278 /* Base */ = {isa = PBXFileReference; lastKnownFileType = file.xib; name = Base; path = Base.lproj/LaunchScreen.xib; sourceTree = "<group>"; };
		CB8BADC71A20E24B00542278 /* PostcardTests.xctest */ = {isa = PBXFileReference; explicitFileType = wrapper.cfbundle; includeInIndex = 0; path = PostcardTests.xctest; sourceTree = BUILT_PRODUCTS_DIR; };
		CB8BADCC1A20E24B00542278 /* Info.plist */ = {isa = PBXFileReference; lastKnownFileType = text.plist.xml; path = Info.plist; sourceTree = "<group>"; };
		CB8BADCD1A20E24B00542278 /* PostcardTests.swift */ = {isa = PBXFileReference; lastKnownFileType = sourcecode.swift; path = PostcardTests.swift; sourceTree = "<group>"; };
		CBD15D001A92975C00D36C73 /* SagradaFamilia.jpeg */ = {isa = PBXFileReference; lastKnownFileType = image.jpeg; path = SagradaFamilia.jpeg; sourceTree = "<group>"; };
		CBEC5B931A973B080085A9B0 /* AlbertEinsteinStamp.jpg */ = {isa = PBXFileReference; lastKnownFileType = image.jpeg; path = AlbertEinsteinStamp.jpg; sourceTree = "<group>"; };
/* End PBXFileReference section */

/* Begin PBXFrameworksBuildPhase section */
		CB8BADAF1A20E24A00542278 /* Frameworks */ = {
			isa = PBXFrameworksBuildPhase;
			buildActionMask = 2147483647;
			files = (
			);
			runOnlyForDeploymentPostprocessing = 0;
		};
		CB8BADC41A20E24B00542278 /* Frameworks */ = {
			isa = PBXFrameworksBuildPhase;
			buildActionMask = 2147483647;
			files = (
			);
			runOnlyForDeploymentPostprocessing = 0;
		};
/* End PBXFrameworksBuildPhase section */

/* Begin PBXGroup section */
		CB8BADA91A20E24A00542278 = {
			isa = PBXGroup;
			children = (
				CB8BADB41A20E24A00542278 /* Postcard */,
				CB8BADCA1A20E24B00542278 /* PostcardTests */,
				CB8BADB31A20E24A00542278 /* Products */,
			);
			sourceTree = "<group>";
		};
		CB8BADB31A20E24A00542278 /* Products */ = {
			isa = PBXGroup;
			children = (
				CB8BADB21A20E24A00542278 /* Postcard.app */,
				CB8BADC71A20E24B00542278 /* PostcardTests.xctest */,
			);
			name = Products;
			sourceTree = "<group>";
		};
		CB8BADB41A20E24A00542278 /* Postcard */ = {
			isa = PBXGroup;
			children = (
				CB8BADB71A20E24A00542278 /* AppDelegate.swift */,
				CB8BADB91A20E24A00542278 /* ViewController.swift */,
				CB8BADBB1A20E24A00542278 /* Main.storyboard */,
				CB8BADBE1A20E24A00542278 /* Images.xcassets */,
				CB8BADC01A20E24A00542278 /* LaunchScreen.xib */,
				CB8BADB51A20E24A00542278 /* Supporting Files */,
			);
			path = Postcard;
			sourceTree = "<group>";
		};
		CB8BADB51A20E24A00542278 /* Supporting Files */ = {
			isa = PBXGroup;
			children = (
				CBEC5B931A973B080085A9B0 /* AlbertEinsteinStamp.jpg */,
				CBD15D001A92975C00D36C73 /* SagradaFamilia.jpeg */,
				CB8BADB61A20E24A00542278 /* Info.plist */,
			);
			name = "Supporting Files";
			sourceTree = "<group>";
		};
		CB8BADCA1A20E24B00542278 /* PostcardTests */ = {
			isa = PBXGroup;
			children = (
				CB8BADCD1A20E24B00542278 /* PostcardTests.swift */,
				CB8BADCB1A20E24B00542278 /* Supporting Files */,
			);
			path = PostcardTests;
			sourceTree = "<group>";
		};
		CB8BADCB1A20E24B00542278 /* Supporting Files */ = {
			isa = PBXGroup;
			children = (
				CB8BADCC1A20E24B00542278 /* Info.plist */,
			);
			name = "Supporting Files";
			sourceTree = "<group>";
		};
/* End PBXGroup section */

/* Begin PBXNativeTarget section */
		CB8BADB11A20E24A00542278 /* Postcard */ = {
			isa = PBXNativeTarget;
			buildConfigurationList = CB8BADD11A20E24B00542278 /* Build configuration list for PBXNativeTarget "Postcard" */;
			buildPhases = (
				CB8BADAE1A20E24A00542278 /* Sources */,
				CB8BADAF1A20E24A00542278 /* Frameworks */,
				CB8BADB01A20E24A00542278 /* Resources */,
			);
			buildRules = (
			);
			dependencies = (
			);
			name = Postcard;
			productName = Postcard;
			productReference = CB8BADB21A20E24A00542278 /* Postcard.app */;
			productType = "com.apple.product-type.application";
		};
		CB8BADC61A20E24B00542278 /* PostcardTests */ = {
			isa = PBXNativeTarget;
			buildConfigurationList = CB8BADD41A20E24B00542278 /* Build configuration list for PBXNativeTarget "PostcardTests" */;
			buildPhases = (
				CB8BADC31A20E24B00542278 /* Sources */,
				CB8BADC41A20E24B00542278 /* Frameworks */,
				CB8BADC51A20E24B00542278 /* Resources */,
			);
			buildRules = (
			);
			dependencies = (
				CB8BADC91A20E24B00542278 /* PBXTargetDependency */,
			);
			name = PostcardTests;
			productName = PostcardTests;
			productReference = CB8BADC71A20E24B00542278 /* PostcardTests.xctest */;
			productType = "com.apple.product-type.bundle.unit-test";
		};
/* End PBXNativeTarget section */

/* Begin PBXProject section */
		CB8BADAA1A20E24A00542278 /* Project object */ = {
			isa = PBXProject;
			attributes = {
				LastUpgradeCheck = 0610;
				ORGANIZATIONNAME = "Shotty Shack Games";
				TargetAttributes = {
					CB8BADB11A20E24A00542278 = {
						CreatedOnToolsVersion = 6.1;
					};
					CB8BADC61A20E24B00542278 = {
						CreatedOnToolsVersion = 6.1;
						TestTargetID = CB8BADB11A20E24A00542278;
					};
				};
			};
			buildConfigurationList = CB8BADAD1A20E24A00542278 /* Build configuration list for PBXProject "Postcard" */;
			compatibilityVersion = "Xcode 3.2";
			developmentRegion = English;
			hasScannedForEncodings = 0;
			knownRegions = (
				en,
				Base,
			);
			mainGroup = CB8BADA91A20E24A00542278;
			productRefGroup = CB8BADB31A20E24A00542278 /* Products */;
			projectDirPath = "";
			projectRoot = "";
			targets = (
				CB8BADB11A20E24A00542278 /* Postcard */,
				CB8BADC61A20E24B00542278 /* PostcardTests */,
			);
		};
/* End PBXProject section */

/* Begin PBXResourcesBuildPhase section */
		CB8BADB01A20E24A00542278 /* Resources */ = {
			isa = PBXResourcesBuildPhase;
			buildActionMask = 2147483647;
			files = (
				CB8BADBD1A20E24A00542278 /* Main.storyboard in Resources */,
				CBD15D011A92975C00D36C73 /* SagradaFamilia.jpeg in Resources */,
				CBEC5B941A973B080085A9B0 /* AlbertEinsteinStamp.jpg in Resources */,
				CB8BADC21A20E24A00542278 /* LaunchScreen.xib in Resources */,
				CB8BADBF1A20E24A00542278 /* Images.xcassets in Resources */,
			);
			runOnlyForDeploymentPostprocessing = 0;
		};
		CB8BADC51A20E24B00542278 /* Resources */ = {
			isa = PBXResourcesBuildPhase;
			buildActionMask = 2147483647;
			files = (
			);
			runOnlyForDeploymentPostprocessing = 0;
		};
/* End PBXResourcesBuildPhase section */

/* Begin PBXSourcesBuildPhase section */
		CB8BADAE1A20E24A00542278 /* Sources */ = {
			isa = PBXSourcesBuildPhase;
			buildActionMask = 2147483647;
			files = (
				CB8BADBA1A20E24A00542278 /* ViewController.swift in Sources */,
				CB8BADB81A20E24A00542278 /* AppDelegate.swift in Sources */,
			);
			runOnlyForDeploymentPostprocessing = 0;
		};
		CB8BADC31A20E24B00542278 /* Sources */ = {
			isa = PBXSourcesBuildPhase;
			buildActionMask = 2147483647;
			files = (
				CB8BADCE1A20E24B00542278 /* PostcardTests.swift in Sources */,
			);
			runOnlyForDeploymentPostprocessing = 0;
		};
/* End PBXSourcesBuildPhase section */

/* Begin PBXTargetDependency section */
		CB8BADC91A20E24B00542278 /* PBXTargetDependency */ = {
			isa = PBXTargetDependency;
			target = CB8BADB11A20E24A00542278 /* Postcard */;
			targetProxy = CB8BADC81A20E24B00542278 /* PBXContainerItemProxy */;
		};
/* End PBXTargetDependency section */

/* Begin PBXVariantGroup section */
		CB8BADBB1A20E24A00542278 /* Main.storyboard */ = {
			isa = PBXVariantGroup;
			children = (
				CB8BADBC1A20E24A00542278 /* Base */,
			);
			name = Main.storyboard;
			sourceTree = "<group>";
		};
		CB8BADC01A20E24A00542278 /* LaunchScreen.xib */ = {
			isa = PBXVariantGroup;
			children = (
				CB8BADC11A20E24A00542278 /* Base */,
			);
			name = LaunchScreen.xib;
			sourceTree = "<group>";
		};
/* End PBXVariantGroup section */

/* Begin XCBuildConfiguration section */
		CB8BADCF1A20E24B00542278 /* Debug */ = {
			isa = XCBuildConfiguration;
			buildSettings = {
				ALWAYS_SEARCH_USER_PATHS = NO;
				CLANG_CXX_LANGUAGE_STANDARD = "gnu++0x";
				CLANG_CXX_LIBRARY = "libc++";
				CLANG_ENABLE_MODULES = YES;
				CLANG_ENABLE_OBJC_ARC = YES;
				CLANG_WARN_BOOL_CONVERSION = YES;
				CLANG_WARN_CONSTANT_CONVERSION = YES;
				CLANG_WARN_DIRECT_OBJC_ISA_USAGE = YES_ERROR;
				CLANG_WARN_EMPTY_BODY = YES;
				CLANG_WARN_ENUM_CONVERSION = YES;
				CLANG_WARN_INT_CONVERSION = YES;
				CLANG_WARN_OBJC_ROOT_CLASS = YES_ERROR;
				CLANG_WARN_UNREACHABLE_CODE = YES;
				CLANG_WARN__DUPLICATE_METHOD_MATCH = YES;
				"CODE_SIGN_IDENTITY[sdk=iphoneos*]" = "iPhone Developer";
				COPY_PHASE_STRIP = NO;
				ENABLE_STRICT_OBJC_MSGSEND = YES;
				GCC_C_LANGUAGE_STANDARD = gnu99;
				GCC_DYNAMIC_NO_PIC = NO;
				GCC_OPTIMIZATION_LEVEL = 0;
				GCC_PREPROCESSOR_DEFINITIONS = (
					"DEBUG=1",
					"$(inherited)",
				);
				GCC_SYMBOLS_PRIVATE_EXTERN = NO;
				GCC_WARN_64_TO_32_BIT_CONVERSION = YES;
				GCC_WARN_ABOUT_RETURN_TYPE = YES_ERROR;
				GCC_WARN_UNDECLARED_SELECTOR = YES;
				GCC_WARN_UNINITIALIZED_AUTOS = YES_AGGRESSIVE;
				GCC_WARN_UNUSED_FUNCTION = YES;
				GCC_WARN_UNUSED_VARIABLE = YES;
				IPHONEOS_DEPLOYMENT_TARGET = 8.1;
				MTL_ENABLE_DEBUG_INFO = YES;
				ONLY_ACTIVE_ARCH = YES;
				SDKROOT = iphoneos;
				SWIFT_OPTIMIZATION_LEVEL = "-Onone";
				TARGETED_DEVICE_FAMILY = "1,2";
			};
			name = Debug;
		};
		CB8BADD01A20E24B00542278 /* Release */ = {
			isa = XCBuildConfiguration;
			buildSettings = {
				ALWAYS_SEARCH_USER_PATHS = NO;
				CLANG_CXX_LANGUAGE_STANDARD = "gnu++0x";
				CLANG_CXX_LIBRARY = "libc++";
				CLANG_ENABLE_MODULES = YES;
				CLANG_ENABLE_OBJC_ARC = YES;
				CLANG_WARN_BOOL_CONVERSION = YES;
				CLANG_WARN_CONSTANT_CONVERSION = YES;
				CLANG_WARN_DIRECT_OBJC_ISA_USAGE = YES_ERROR;
				CLANG_WARN_EMPTY_BODY = YES;
				CLANG_WARN_ENUM_CONVERSION = YES;
				CLANG_WARN_INT_CONVERSION = YES;
				CLANG_WARN_OBJC_ROOT_CLASS = YES_ERROR;
				CLANG_WARN_UNREACHABLE_CODE = YES;
				CLANG_WARN__DUPLICATE_METHOD_MATCH = YES;
				"CODE_SIGN_IDENTITY[sdk=iphoneos*]" = "iPhone Developer";
				COPY_PHASE_STRIP = YES;
				ENABLE_NS_ASSERTIONS = NO;
				ENABLE_STRICT_OBJC_MSGSEND = YES;
				GCC_C_LANGUAGE_STANDARD = gnu99;
				GCC_WARN_64_TO_32_BIT_CONVERSION = YES;
				GCC_WARN_ABOUT_RETURN_TYPE = YES_ERROR;
				GCC_WARN_UNDECLARED_SELECTOR = YES;
				GCC_WARN_UNINITIALIZED_AUTOS = YES_AGGRESSIVE;
				GCC_WARN_UNUSED_FUNCTION = YES;
				GCC_WARN_UNUSED_VARIABLE = YES;
				IPHONEOS_DEPLOYMENT_TARGET = 8.1;
				MTL_ENABLE_DEBUG_INFO = NO;
				SDKROOT = iphoneos;
				TARGETED_DEVICE_FAMILY = "1,2";
				VALIDATE_PRODUCT = YES;
			};
			name = Release;
		};
		CB8BADD21A20E24B00542278 /* Debug */ = {
			isa = XCBuildConfiguration;
			buildSettings = {
				ASSETCATALOG_COMPILER_APPICON_NAME = AppIcon;
				INFOPLIST_FILE = Postcard/Info.plist;
				LD_RUNPATH_SEARCH_PATHS = "$(inherited) @executable_path/Frameworks";
				PRODUCT_NAME = "$(TARGET_NAME)";
			};
			name = Debug;
		};
		CB8BADD31A20E24B00542278 /* Release */ = {
			isa = XCBuildConfiguration;
			buildSettings = {
				ASSETCATALOG_COMPILER_APPICON_NAME = AppIcon;
				INFOPLIST_FILE = Postcard/Info.plist;
				LD_RUNPATH_SEARCH_PATHS = "$(inherited) @executable_path/Frameworks";
				PRODUCT_NAME = "$(TARGET_NAME)";
			};
			name = Release;
		};
		CB8BADD51A20E24B00542278 /* Debug */ = {
			isa = XCBuildConfiguration;
			buildSettings = {
				BUNDLE_LOADER = "$(TEST_HOST)";
				FRAMEWORK_SEARCH_PATHS = (
					"$(SDKROOT)/Developer/Library/Frameworks",
					"$(inherited)",
				);
				GCC_PREPROCESSOR_DEFINITIONS = (
					"DEBUG=1",
					"$(inherited)",
				);
				INFOPLIST_FILE = PostcardTests/Info.plist;
				LD_RUNPATH_SEARCH_PATHS = "$(inherited) @executable_path/Frameworks @loader_path/Frameworks";
				PRODUCT_NAME = "$(TARGET_NAME)";
				TEST_HOST = "$(BUILT_PRODUCTS_DIR)/Postcard.app/Postcard";
			};
			name = Debug;
		};
		CB8BADD61A20E24B00542278 /* Release */ = {
			isa = XCBuildConfiguration;
			buildSettings = {
				BUNDLE_LOADER = "$(TEST_HOST)";
				FRAMEWORK_SEARCH_PATHS = (
					"$(SDKROOT)/Developer/Library/Frameworks",
					"$(inherited)",
				);
				INFOPLIST_FILE = PostcardTests/Info.plist;
				LD_RUNPATH_SEARCH_PATHS = "$(inherited) @executable_path/Frameworks @loader_path/Frameworks";
				PRODUCT_NAME = "$(TARGET_NAME)";
				TEST_HOST = "$(BUILT_PRODUCTS_DIR)/Postcard.app/Postcard";
			};
			name = Release;
		};
/* End XCBuildConfiguration section */

/* Begin XCConfigurationList section */
		CB8BADAD1A20E24A00542278 /* Build configuration list for PBXProject "Postcard" */ = {
			isa = XCConfigurationList;
			buildConfigurations = (
				CB8BADCF1A20E24B00542278 /* Debug */,
				CB8BADD01A20E24B00542278 /* Release */,
			);
			defaultConfigurationIsVisible = 0;
			defaultConfigurationName = Release;
		};
		CB8BADD11A20E24B00542278 /* Build configuration list for PBXNativeTarget "Postcard" */ = {
			isa = XCConfigurationList;
			buildConfigurations = (
				CB8BADD21A20E24B00542278 /* Debug */,
				CB8BADD31A20E24B00542278 /* Release */,
			);
			defaultConfigurationIsVisible = 0;
			defaultConfigurationName = Release;
		};
		CB8BADD41A20E24B00542278 /* Build configuration list for PBXNativeTarget "PostcardTests" */ = {
			isa = XCConfigurationList;
			buildConfigurations = (
				CB8BADD51A20E24B00542278 /* Debug */,
				CB8BADD61A20E24B00542278 /* Release */,
			);
			defaultConfigurationIsVisible = 0;
			defaultConfigurationName = Release;
		};
/* End XCConfigurationList section */
	};
	rootObject = CB8BADAA1A20E24A00542278 /* Project object */;
}
